
Microsoft Visual Studio Solution File, Format Version 12.00
# Visual Studio 15
VisualStudioVersion = 15.0.27703.2000
MinimumVisualStudioVersion = 10.0.40219.1
Project("{FAE04EC0-301F-11D3-BF4B-00C04F79EFBC}") = "NetCore", "NetCore\NetCore.csproj", "{2F2B445B-0969-49BD-991F-51C4F462E79A}"
EndProject
Project("{FAE04EC0-301F-11D3-BF4B-00C04F79EFBC}") = "NetCore.Application", "NetCore.Application\NetCore.Application.csproj", "{E36E5747-8BF6-4F20-B8B0-04AECC23CE00}"
EndProject
Project("{FAE04EC0-301F-11D3-BF4B-00C04F79EFBC}") = "NetCore.Data", "NetCore.Data\NetCore.Data.csproj", "{5559DC62-046B-46D4-B92F-811C3B2C95A5}"
EndProject
Project("{FAE04EC0-301F-11D3-BF4B-00C04F79EFBC}") = "NetCore.Data.EF", "NetCore.Data.EF\NetCore.Data.EF.csproj", "{115CE8C4-588A-4BB0-BB18-83E51F4362FD}"
EndProject
Project("{FAE04EC0-301F-11D3-BF4B-00C04F79EFBC}") = "NetCore.Infrastructure", "NetCore.Infrastructure\NetCore.Infrastructure.csproj", "{36230522-A713-4B2F-B3E0-34FC41315E37}"
EndProject
Project("{FAE04EC0-301F-11D3-BF4B-00C04F79EFBC}") = "NetCore.Utilities", "NetCore.Utilities\NetCore.Utilities.csproj", "{2E295077-9E71-45E0-9AD9-4B535D4B2E04}"
EndProject
Project("{2150E333-8FDC-42A3-9474-1A3956D46DE8}") = "1 - Presentation", "1 - Presentation", "{D9CAEBE7-E5BB-4AE4-9E1F-13A8CE0250B0}"
EndProject
Project("{2150E333-8FDC-42A3-9474-1A3956D46DE8}") = "2 - Application", "2 - Application", "{6434C302-3169-4B01-853E-78E81648002E}"
EndProject
Project("{2150E333-8FDC-42A3-9474-1A3956D46DE8}") = "3 - Domain", "3 - Domain", "{53491CE2-F681-46A4-9047-DCB6556124FA}"
EndProject
Project("{2150E333-8FDC-42A3-9474-1A3956D46DE8}") = "4 - Infrastructure", "4 - Infrastructure", "{7585FB3D-B25E-461A-9ED8-AC3A0C7BBE6C}"
EndProject
Global
	GlobalSection(SolutionConfigurationPlatforms) = preSolution
		Debug|Any CPU = Debug|Any CPU
		Release|Any CPU = Release|Any CPU
	EndGlobalSection
	GlobalSection(ProjectConfigurationPlatforms) = postSolution
		{2F2B445B-0969-49BD-991F-51C4F462E79A}.Debug|Any CPU.ActiveCfg = Debug|Any CPU
		{2F2B445B-0969-49BD-991F-51C4F462E79A}.Debug|Any CPU.Build.0 = Debug|Any CPU
		{2F2B445B-0969-49BD-991F-51C4F462E79A}.Release|Any CPU.ActiveCfg = Release|Any CPU
		{2F2B445B-0969-49BD-991F-51C4F462E79A}.Release|Any CPU.Build.0 = Release|Any CPU
		{E36E5747-8BF6-4F20-B8B0-04AECC23CE00}.Debug|Any CPU.ActiveCfg = Debug|Any CPU
		{E36E5747-8BF6-4F20-B8B0-04AECC23CE00}.Debug|Any CPU.Build.0 = Debug|Any CPU
		{E36E5747-8BF6-4F20-B8B0-04AECC23CE00}.Release|Any CPU.ActiveCfg = Release|Any CPU
		{E36E5747-8BF6-4F20-B8B0-04AECC23CE00}.Release|Any CPU.Build.0 = Release|Any CPU
		{5559DC62-046B-46D4-B92F-811C3B2C95A5}.Debug|Any CPU.ActiveCfg = Debug|Any CPU
		{5559DC62-046B-46D4-B92F-811C3B2C95A5}.Debug|Any CPU.Build.0 = Debug|Any CPU
		{5559DC62-046B-46D4-B92F-811C3B2C95A5}.Release|Any CPU.ActiveCfg = Release|Any CPU
		{5559DC62-046B-46D4-B92F-811C3B2C95A5}.Release|Any CPU.Build.0 = Release|Any CPU
		{115CE8C4-588A-4BB0-BB18-83E51F4362FD}.Debug|Any CPU.ActiveCfg = Debug|Any CPU
		{115CE8C4-588A-4BB0-BB18-83E51F4362FD}.Debug|Any CPU.Build.0 = Debug|Any CPU
		{115CE8C4-588A-4BB0-BB18-83E51F4362FD}.Release|Any CPU.ActiveCfg = Release|Any CPU
		{115CE8C4-588A-4BB0-BB18-83E51F4362FD}.Release|Any CPU.Build.0 = Release|Any CPU
		{36230522-A713-4B2F-B3E0-34FC41315E37}.Debug|Any CPU.ActiveCfg = Debug|Any CPU
		{36230522-A713-4B2F-B3E0-34FC41315E37}.Debug|Any CPU.Build.0 = Debug|Any CPU
		{36230522-A713-4B2F-B3E0-34FC41315E37}.Release|Any CPU.ActiveCfg = Release|Any CPU
		{36230522-A713-4B2F-B3E0-34FC41315E37}.Release|Any CPU.Build.0 = Release|Any CPU
		{2E295077-9E71-45E0-9AD9-4B535D4B2E04}.Debug|Any CPU.ActiveCfg = Debug|Any CPU
		{2E295077-9E71-45E0-9AD9-4B535D4B2E04}.Debug|Any CPU.Build.0 = Debug|Any CPU
		{2E295077-9E71-45E0-9AD9-4B535D4B2E04}.Release|Any CPU.ActiveCfg = Release|Any CPU
		{2E295077-9E71-45E0-9AD9-4B535D4B2E04}.Release|Any CPU.Build.0 = Release|Any CPU
	EndGlobalSection
	GlobalSection(SolutionProperties) = preSolution
		HideSolutionNode = FALSE
	EndGlobalSection
	GlobalSection(NestedProjects) = preSolution
		{2F2B445B-0969-49BD-991F-51C4F462E79A} = {D9CAEBE7-E5BB-4AE4-9E1F-13A8CE0250B0}
		{E36E5747-8BF6-4F20-B8B0-04AECC23CE00} = {6434C302-3169-4B01-853E-78E81648002E}
		{5559DC62-046B-46D4-B92F-811C3B2C95A5} = {53491CE2-F681-46A4-9047-DCB6556124FA}
		{115CE8C4-588A-4BB0-BB18-83E51F4362FD} = {53491CE2-F681-46A4-9047-DCB6556124FA}
		{36230522-A713-4B2F-B3E0-34FC41315E37} = {7585FB3D-B25E-461A-9ED8-AC3A0C7BBE6C}
		{2E295077-9E71-45E0-9AD9-4B535D4B2E04} = {7585FB3D-B25E-461A-9ED8-AC3A0C7BBE6C}
	EndGlobalSection
	GlobalSection(ExtensibilityGlobals) = postSolution
		SolutionGuid = {CADDD5F8-DAF7-42FB-8E49-463497CBE72F}
	EndGlobalSection
EndGlobal
